
Microsoft Visual Studio Solution File, Format Version 12.00
# Visual Studio 14
VisualStudioVersion = 14.0.24720.0
MinimumVisualStudioVersion = 10.0.40219.1
Project("{FAE04EC0-301F-11D3-BF4B-00C04F79EFBC}") = "Stockview", "Stockview\Stockview.csproj", "{0FC95B57-97DA-43DC-A437-AB128721DB87}"
EndProject
Project("{FAE04EC0-301F-11D3-BF4B-00C04F79EFBC}") = "Stockview.Test", "Stockview.Test\Stockview.Test.csproj", "{48882056-6B59-48E2-AE6D-B949CD03FFF9}"
EndProject
Global
	GlobalSection(SolutionConfigurationPlatforms) = preSolution
		Debug|Any CPU = Debug|Any CPU
		Release|Any CPU = Release|Any CPU
	EndGlobalSection
	GlobalSection(ProjectConfigurationPlatforms) = postSolution
		{0FC95B57-97DA-43DC-A437-AB128721DB87}.Debug|Any CPU.ActiveCfg = Debug|Any CPU
		{0FC95B57-97DA-43DC-A437-AB128721DB87}.Debug|Any CPU.Build.0 = Debug|Any CPU
		{0FC95B57-97DA-43DC-A437-AB128721DB87}.Release|Any CPU.ActiveCfg = Release|Any CPU
		{0FC95B57-97DA-43DC-A437-AB128721DB87}.Release|Any CPU.Build.0 = Release|Any CPU
		{48882056-6B59-48E2-AE6D-B949CD03FFF9}.Debug|Any CPU.ActiveCfg = Debug|Any CPU
		{48882056-6B59-48E2-AE6D-B949CD03FFF9}.Debug|Any CPU.Build.0 = Debug|Any CPU
		{48882056-6B59-48E2-AE6D-B949CD03FFF9}.Release|Any CPU.ActiveCfg = Release|Any CPU
		{48882056-6B59-48E2-AE6D-B949CD03FFF9}.Release|Any CPU.Build.0 = Release|Any CPU
	EndGlobalSection
	GlobalSection(SolutionProperties) = preSolution
		HideSolutionNode = FALSE
	EndGlobalSection
EndGlobal
